
Microsoft Visual Studio Solution File, Format Version 12.00
Project("{FAE04EC0-301F-11D3-BF4B-00C04F79EFBC}") = "Sudoku solver", "Sudoku solver\Sudoku solver.csproj", "{899B4353-F813-459A-AAF3-81B353884CA2}"
EndProject
Global
	GlobalSection(SolutionConfigurationPlatforms) = preSolution
		Debug|Any CPU = Debug|Any CPU
		Release|Any CPU = Release|Any CPU
	EndGlobalSection
	GlobalSection(ProjectConfigurationPlatforms) = postSolution
		{899B4353-F813-459A-AAF3-81B353884CA2}.Debug|Any CPU.ActiveCfg = Debug|Any CPU
		{899B4353-F813-459A-AAF3-81B353884CA2}.Debug|Any CPU.Build.0 = Debug|Any CPU
		{899B4353-F813-459A-AAF3-81B353884CA2}.Release|Any CPU.ActiveCfg = Release|Any CPU
		{899B4353-F813-459A-AAF3-81B353884CA2}.Release|Any CPU.Build.0 = Release|Any CPU
	EndGlobalSection
EndGlobal
